// !$*UTF8*$!
{
	archiveVersion = 1;
	classes = {
	};
	objectVersion = 46;
	objects = {

/* Begin PBXBuildFile section */
		5216DA2A1DB913C800E16AB0 /* AppDelegate.swift in Sources */ = {isa = PBXBuildFile; fileRef = 5216DA291DB913C800E16AB0 /* AppDelegate.swift */; };
		5216DA2C1DB913C800E16AB0 /* ViewController.swift in Sources */ = {isa = PBXBuildFile; fileRef = 5216DA2B1DB913C800E16AB0 /* ViewController.swift */; };
		5216DA2F1DB913C800E16AB0 /* Main.storyboard in Resources */ = {isa = PBXBuildFile; fileRef = 5216DA2D1DB913C800E16AB0 /* Main.storyboard */; };
		5216DA341DB913C800E16AB0 /* LaunchScreen.storyboard in Resources */ = {isa = PBXBuildFile; fileRef = 5216DA321DB913C800E16AB0 /* LaunchScreen.storyboard */; };
		5216DA3C1DB92A2F00E16AB0 /* NetworkService.swift in Sources */ = {isa = PBXBuildFile; fileRef = 5216DA3B1DB92A2F00E16AB0 /* NetworkService.swift */; };
		5216DA421DB92EA200E16AB0 /* Session.swift in Sources */ = {isa = PBXBuildFile; fileRef = 5216DA411DB92EA200E16AB0 /* Session.swift */; };
		52AE684A1DBEA42500D63152 /* Provider.swift in Sources */ = {isa = PBXBuildFile; fileRef = 52AE68491DBEA42500D63152 /* Provider.swift */; };
		59C09E3A01DB08296E108809 /* Pods_Tomatoes.framework in Frameworks */ = {isa = PBXBuildFile; fileRef = 51F4E3A5DF6AA4AB9ED914B3 /* Pods_Tomatoes.framework */; };
		6580E343E909D92D8D514575 /* Assets.xcassets in Resources */ = {isa = PBXBuildFile; fileRef = 6580E5767A36090B8DDC2612 /* Assets.xcassets */; };
		6580EC3828A120E9A7F2DD33 /* User.swift in Sources */ = {isa = PBXBuildFile; fileRef = 6580E6FB0A89720D00CD905D /* User.swift */; };
/* End PBXBuildFile section */

/* Begin PBXFileReference section */
		23B198D24A416FF4966C47A6 /* Pods-Tomatoes.release.xcconfig */ = {isa = PBXFileReference; includeInIndex = 1; lastKnownFileType = text.xcconfig; name = "Pods-Tomatoes.release.xcconfig"; path = "Pods/Target Support Files/Pods-Tomatoes/Pods-Tomatoes.release.xcconfig"; sourceTree = "<group>"; };
		51F4E3A5DF6AA4AB9ED914B3 /* Pods_Tomatoes.framework */ = {isa = PBXFileReference; explicitFileType = wrapper.framework; includeInIndex = 0; path = Pods_Tomatoes.framework; sourceTree = BUILT_PRODUCTS_DIR; };
		5216DA261DB913C800E16AB0 /* Tomatoes.app */ = {isa = PBXFileReference; explicitFileType = wrapper.application; includeInIndex = 0; path = Tomatoes.app; sourceTree = BUILT_PRODUCTS_DIR; };
		5216DA291DB913C800E16AB0 /* AppDelegate.swift */ = {isa = PBXFileReference; lastKnownFileType = sourcecode.swift; path = AppDelegate.swift; sourceTree = "<group>"; };
		5216DA2B1DB913C800E16AB0 /* ViewController.swift */ = {isa = PBXFileReference; lastKnownFileType = sourcecode.swift; path = ViewController.swift; sourceTree = "<group>"; };
		5216DA2E1DB913C800E16AB0 /* Base */ = {isa = PBXFileReference; lastKnownFileType = file.storyboard; name = Base; path = Base.lproj/Main.storyboard; sourceTree = "<group>"; };
		5216DA331DB913C800E16AB0 /* Base */ = {isa = PBXFileReference; lastKnownFileType = file.storyboard; name = Base; path = Base.lproj/LaunchScreen.storyboard; sourceTree = "<group>"; };
		5216DA351DB913C800E16AB0 /* Info.plist */ = {isa = PBXFileReference; lastKnownFileType = text.plist.xml; path = Info.plist; sourceTree = "<group>"; };
		5216DA3B1DB92A2F00E16AB0 /* NetworkService.swift */ = {isa = PBXFileReference; fileEncoding = 4; lastKnownFileType = sourcecode.swift; path = NetworkService.swift; sourceTree = "<group>"; };
		5216DA411DB92EA200E16AB0 /* Session.swift */ = {isa = PBXFileReference; fileEncoding = 4; lastKnownFileType = sourcecode.swift; path = Session.swift; sourceTree = "<group>"; };
		5285CB131DBAC65100A86A1A /* Tomatoes.entitlements */ = {isa = PBXFileReference; lastKnownFileType = text.plist.entitlements; path = Tomatoes.entitlements; sourceTree = "<group>"; };
		52AE68491DBEA42500D63152 /* Provider.swift */ = {isa = PBXFileReference; fileEncoding = 4; lastKnownFileType = sourcecode.swift; path = Provider.swift; sourceTree = "<group>"; };
		6580E5767A36090B8DDC2612 /* Assets.xcassets */ = {isa = PBXFileReference; lastKnownFileType = folder.assetcatalog; path = Assets.xcassets; sourceTree = "<group>"; };
		6580E6FB0A89720D00CD905D /* User.swift */ = {isa = PBXFileReference; fileEncoding = 4; lastKnownFileType = sourcecode.swift; path = User.swift; sourceTree = "<group>"; };
		FB5003CDC0EC3F724DE87AC1 /* Pods-Tomatoes.debug.xcconfig */ = {isa = PBXFileReference; includeInIndex = 1; lastKnownFileType = text.xcconfig; name = "Pods-Tomatoes.debug.xcconfig"; path = "Pods/Target Support Files/Pods-Tomatoes/Pods-Tomatoes.debug.xcconfig"; sourceTree = "<group>"; };
/* End PBXFileReference section */

/* Begin PBXFrameworksBuildPhase section */
		5216DA231DB913C800E16AB0 /* Frameworks */ = {
			isa = PBXFrameworksBuildPhase;
			buildActionMask = 2147483647;
			files = (
				59C09E3A01DB08296E108809 /* Pods_Tomatoes.framework in Frameworks */,
			);
			runOnlyForDeploymentPostprocessing = 0;
		};
/* End PBXFrameworksBuildPhase section */

/* Begin PBXGroup section */
		3F2A2B34A48ED993B777069E /* Pods */ = {
			isa = PBXGroup;
			children = (
				FB5003CDC0EC3F724DE87AC1 /* Pods-Tomatoes.debug.xcconfig */,
				23B198D24A416FF4966C47A6 /* Pods-Tomatoes.release.xcconfig */,
			);
			name = Pods;
			sourceTree = "<group>";
		};
		4BC1FFFF9C50F1A6A3647FAF /* Frameworks */ = {
			isa = PBXGroup;
			children = (
				51F4E3A5DF6AA4AB9ED914B3 /* Pods_Tomatoes.framework */,
			);
			name = Frameworks;
			sourceTree = "<group>";
		};
		5216DA1D1DB913C800E16AB0 = {
			isa = PBXGroup;
			children = (
				5216DA281DB913C800E16AB0 /* Tomatoes */,
				5216DA271DB913C800E16AB0 /* Products */,
				3F2A2B34A48ED993B777069E /* Pods */,
				4BC1FFFF9C50F1A6A3647FAF /* Frameworks */,
			);
			sourceTree = "<group>";
		};
		5216DA271DB913C800E16AB0 /* Products */ = {
			isa = PBXGroup;
			children = (
				5216DA261DB913C800E16AB0 /* Tomatoes.app */,
			);
			name = Products;
			sourceTree = "<group>";
		};
		5216DA281DB913C800E16AB0 /* Tomatoes */ = {
			isa = PBXGroup;
			children = (
				5285CB131DBAC65100A86A1A /* Tomatoes.entitlements */,
				5216DA291DB913C800E16AB0 /* AppDelegate.swift */,
				5216DA2B1DB913C800E16AB0 /* ViewController.swift */,
				5216DA2D1DB913C800E16AB0 /* Main.storyboard */,
				5216DA321DB913C800E16AB0 /* LaunchScreen.storyboard */,
				5216DA351DB913C800E16AB0 /* Info.plist */,
				6580E21DBC18E950B006F4AB /* Resources */,
				5216DA3B1DB92A2F00E16AB0 /* NetworkService.swift */,
				5216DA411DB92EA200E16AB0 /* Session.swift */,
				6580E28990460983D0909A15 /* Models */,
			);
			path = Tomatoes;
			sourceTree = "<group>";
		};
		6580E21DBC18E950B006F4AB /* Resources */ = {
			isa = PBXGroup;
			children = (
				6580E5767A36090B8DDC2612 /* Assets.xcassets */,
			);
			path = Resources;
			sourceTree = "<group>";
		};
		6580E28990460983D0909A15 /* Models */ = {
			isa = PBXGroup;
			children = (
				6580E6FB0A89720D00CD905D /* User.swift */,
				52AE68491DBEA42500D63152 /* Provider.swift */,
			);
			path = Models;
			sourceTree = "<group>";
		};
/* End PBXGroup section */

/* Begin PBXNativeTarget section */
		5216DA251DB913C800E16AB0 /* Tomatoes */ = {
			isa = PBXNativeTarget;
			buildConfigurationList = 5216DA381DB913C800E16AB0 /* Build configuration list for PBXNativeTarget "Tomatoes" */;
			buildPhases = (
				9115E8AC722A3D203DC39512 /* [CP] Check Pods Manifest.lock */,
				5216DA221DB913C800E16AB0 /* Sources */,
				5216DA231DB913C800E16AB0 /* Frameworks */,
				5216DA241DB913C800E16AB0 /* Resources */,
				CEE6F727BB657763C4D41947 /* [CP] Embed Pods Frameworks */,
				2702712477FE2CDA3A880D6B /* [CP] Copy Pods Resources */,
			);
			buildRules = (
			);
			dependencies = (
			);
			name = Tomatoes;
			productName = Tomatoes;
			productReference = 5216DA261DB913C800E16AB0 /* Tomatoes.app */;
			productType = "com.apple.product-type.application";
		};
/* End PBXNativeTarget section */

/* Begin PBXProject section */
		5216DA1E1DB913C800E16AB0 /* Project object */ = {
			isa = PBXProject;
			attributes = {
				LastSwiftUpdateCheck = 0800;
				LastUpgradeCheck = 0800;
				ORGANIZATIONNAME = Tomatoes;
				TargetAttributes = {
					5216DA251DB913C800E16AB0 = {
						CreatedOnToolsVersion = 8.0;
						DevelopmentTeam = 5394SRVARW;
						LastSwiftMigration = 0800;
						ProvisioningStyle = Automatic;
						SystemCapabilities = {
							com.apple.Keychain = {
								enabled = 1;
							};
						};
					};
				};
			};
			buildConfigurationList = 5216DA211DB913C800E16AB0 /* Build configuration list for PBXProject "Tomatoes" */;
			compatibilityVersion = "Xcode 3.2";
			developmentRegion = English;
			hasScannedForEncodings = 0;
			knownRegions = (
				en,
				Base,
			);
			mainGroup = 5216DA1D1DB913C800E16AB0;
			productRefGroup = 5216DA271DB913C800E16AB0 /* Products */;
			projectDirPath = "";
			projectRoot = "";
			targets = (
				5216DA251DB913C800E16AB0 /* Tomatoes */,
			);
		};
/* End PBXProject section */

/* Begin PBXResourcesBuildPhase section */
		5216DA241DB913C800E16AB0 /* Resources */ = {
			isa = PBXResourcesBuildPhase;
			buildActionMask = 2147483647;
			files = (
				5216DA341DB913C800E16AB0 /* LaunchScreen.storyboard in Resources */,
				5216DA2F1DB913C800E16AB0 /* Main.storyboard in Resources */,
				6580E343E909D92D8D514575 /* Assets.xcassets in Resources */,
			);
			runOnlyForDeploymentPostprocessing = 0;
		};
/* End PBXResourcesBuildPhase section */

/* Begin PBXShellScriptBuildPhase section */
		2702712477FE2CDA3A880D6B /* [CP] Copy Pods Resources */ = {
			isa = PBXShellScriptBuildPhase;
			buildActionMask = 2147483647;
			files = (
			);
			inputPaths = (
			);
			name = "[CP] Copy Pods Resources";
			outputPaths = (
			);
			runOnlyForDeploymentPostprocessing = 0;
			shellPath = /bin/sh;
			shellScript = "\"${SRCROOT}/Pods/Target Support Files/Pods-Tomatoes/Pods-Tomatoes-resources.sh\"\n";
			showEnvVarsInLog = 0;
		};
		9115E8AC722A3D203DC39512 /* [CP] Check Pods Manifest.lock */ = {
			isa = PBXShellScriptBuildPhase;
			buildActionMask = 2147483647;
			files = (
			);
			inputPaths = (
			);
			name = "[CP] Check Pods Manifest.lock";
			outputPaths = (
			);
			runOnlyForDeploymentPostprocessing = 0;
			shellPath = /bin/sh;
			shellScript = "diff \"${PODS_ROOT}/../Podfile.lock\" \"${PODS_ROOT}/Manifest.lock\" > /dev/null\nif [[ $? != 0 ]] ; then\n    cat << EOM\nerror: The sandbox is not in sync with the Podfile.lock. Run 'pod install' or update your CocoaPods installation.\nEOM\n    exit 1\nfi\n";
			showEnvVarsInLog = 0;
		};
		CEE6F727BB657763C4D41947 /* [CP] Embed Pods Frameworks */ = {
			isa = PBXShellScriptBuildPhase;
			buildActionMask = 2147483647;
			files = (
			);
			inputPaths = (
			);
			name = "[CP] Embed Pods Frameworks";
			outputPaths = (
			);
			runOnlyForDeploymentPostprocessing = 0;
			shellPath = /bin/sh;
			shellScript = "\"${SRCROOT}/Pods/Target Support Files/Pods-Tomatoes/Pods-Tomatoes-frameworks.sh\"\n";
			showEnvVarsInLog = 0;
		};
/* End PBXShellScriptBuildPhase section */

/* Begin PBXSourcesBuildPhase section */
		5216DA221DB913C800E16AB0 /* Sources */ = {
			isa = PBXSourcesBuildPhase;
			buildActionMask = 2147483647;
			files = (
				5216DA421DB92EA200E16AB0 /* Session.swift in Sources */,
				5216DA2C1DB913C800E16AB0 /* ViewController.swift in Sources */,
				5216DA3C1DB92A2F00E16AB0 /* NetworkService.swift in Sources */,
				5216DA2A1DB913C800E16AB0 /* AppDelegate.swift in Sources */,
				52AE684A1DBEA42500D63152 /* Provider.swift in Sources */,
				6580EC3828A120E9A7F2DD33 /* User.swift in Sources */,
			);
			runOnlyForDeploymentPostprocessing = 0;
		};
/* End PBXSourcesBuildPhase section */

/* Begin PBXVariantGroup section */
		5216DA2D1DB913C800E16AB0 /* Main.storyboard */ = {
			isa = PBXVariantGroup;
			children = (
				5216DA2E1DB913C800E16AB0 /* Base */,
			);
			name = Main.storyboard;
			sourceTree = "<group>";
		};
		5216DA321DB913C800E16AB0 /* LaunchScreen.storyboard */ = {
			isa = PBXVariantGroup;
			children = (
				5216DA331DB913C800E16AB0 /* Base */,
			);
			name = LaunchScreen.storyboard;
			sourceTree = "<group>";
		};
/* End PBXVariantGroup section */

/* Begin XCBuildConfiguration section */
		5216DA361DB913C800E16AB0 /* Debug */ = {
			isa = XCBuildConfiguration;
			buildSettings = {
				ALWAYS_SEARCH_USER_PATHS = NO;
				CLANG_ANALYZER_NONNULL = YES;
				CLANG_CXX_LANGUAGE_STANDARD = "gnu++0x";
				CLANG_CXX_LIBRARY = "libc++";
				CLANG_ENABLE_MODULES = YES;
				CLANG_ENABLE_OBJC_ARC = YES;
				CLANG_WARN_BOOL_CONVERSION = YES;
				CLANG_WARN_CONSTANT_CONVERSION = YES;
				CLANG_WARN_DIRECT_OBJC_ISA_USAGE = YES_ERROR;
				CLANG_WARN_DOCUMENTATION_COMMENTS = YES;
				CLANG_WARN_EMPTY_BODY = YES;
				CLANG_WARN_ENUM_CONVERSION = YES;
				CLANG_WARN_INFINITE_RECURSION = YES;
				CLANG_WARN_INT_CONVERSION = YES;
				CLANG_WARN_OBJC_ROOT_CLASS = YES_ERROR;
				CLANG_WARN_SUSPICIOUS_MOVES = YES;
				CLANG_WARN_UNREACHABLE_CODE = YES;
				CLANG_WARN__DUPLICATE_METHOD_MATCH = YES;
				"CODE_SIGN_IDENTITY[sdk=iphoneos*]" = "iPhone Developer";
				COPY_PHASE_STRIP = NO;
				DEBUG_INFORMATION_FORMAT = dwarf;
				ENABLE_STRICT_OBJC_MSGSEND = YES;
				ENABLE_TESTABILITY = YES;
				GCC_C_LANGUAGE_STANDARD = gnu99;
				GCC_DYNAMIC_NO_PIC = NO;
				GCC_NO_COMMON_BLOCKS = YES;
				GCC_OPTIMIZATION_LEVEL = 0;
				GCC_PREPROCESSOR_DEFINITIONS = (
					"DEBUG=1",
					"$(inherited)",
				);
				GCC_WARN_64_TO_32_BIT_CONVERSION = YES;
				GCC_WARN_ABOUT_RETURN_TYPE = YES_ERROR;
				GCC_WARN_UNDECLARED_SELECTOR = YES;
				GCC_WARN_UNINITIALIZED_AUTOS = YES_AGGRESSIVE;
				GCC_WARN_UNUSED_FUNCTION = YES;
				GCC_WARN_UNUSED_VARIABLE = YES;
				IPHONEOS_DEPLOYMENT_TARGET = 10.0;
				MTL_ENABLE_DEBUG_INFO = YES;
				ONLY_ACTIVE_ARCH = YES;
				SDKROOT = iphoneos;
				SWIFT_ACTIVE_COMPILATION_CONDITIONS = DEBUG;
				SWIFT_OPTIMIZATION_LEVEL = "-Onone";
			};
			name = Debug;
		};
		5216DA371DB913C800E16AB0 /* Release */ = {
			isa = XCBuildConfiguration;
			buildSettings = {
				ALWAYS_SEARCH_USER_PATHS = NO;
				CLANG_ANALYZER_NONNULL = YES;
				CLANG_CXX_LANGUAGE_STANDARD = "gnu++0x";
				CLANG_CXX_LIBRARY = "libc++";
				CLANG_ENABLE_MODULES = YES;
				CLANG_ENABLE_OBJC_ARC = YES;
				CLANG_WARN_BOOL_CONVERSION = YES;
				CLANG_WARN_CONSTANT_CONVERSION = YES;
				CLANG_WARN_DIRECT_OBJC_ISA_USAGE = YES_ERROR;
				CLANG_WARN_DOCUMENTATION_COMMENTS = YES;
				CLANG_WARN_EMPTY_BODY = YES;
				CLANG_WARN_ENUM_CONVERSION = YES;
				CLANG_WARN_INFINITE_RECURSION = YES;
				CLANG_WARN_INT_CONVERSION = YES;
				CLANG_WARN_OBJC_ROOT_CLASS = YES_ERROR;
				CLANG_WARN_SUSPICIOUS_MOVES = YES;
				CLANG_WARN_UNREACHABLE_CODE = YES;
				CLANG_WARN__DUPLICATE_METHOD_MATCH = YES;
				"CODE_SIGN_IDENTITY[sdk=iphoneos*]" = "iPhone Developer";
				COPY_PHASE_STRIP = NO;
				DEBUG_INFORMATION_FORMAT = "dwarf-with-dsym";
				ENABLE_NS_ASSERTIONS = NO;
				ENABLE_STRICT_OBJC_MSGSEND = YES;
				GCC_C_LANGUAGE_STANDARD = gnu99;
				GCC_NO_COMMON_BLOCKS = YES;
				GCC_WARN_64_TO_32_BIT_CONVERSION = YES;
				GCC_WARN_ABOUT_RETURN_TYPE = YES_ERROR;
				GCC_WARN_UNDECLARED_SELECTOR = YES;
				GCC_WARN_UNINITIALIZED_AUTOS = YES_AGGRESSIVE;
				GCC_WARN_UNUSED_FUNCTION = YES;
				GCC_WARN_UNUSED_VARIABLE = YES;
				IPHONEOS_DEPLOYMENT_TARGET = 10.0;
				MTL_ENABLE_DEBUG_INFO = NO;
				SDKROOT = iphoneos;
				SWIFT_OPTIMIZATION_LEVEL = "-Owholemodule";
				VALIDATE_PRODUCT = YES;
			};
			name = Release;
		};
		5216DA391DB913C800E16AB0 /* Debug */ = {
			isa = XCBuildConfiguration;
			baseConfigurationReference = FB5003CDC0EC3F724DE87AC1 /* Pods-Tomatoes.debug.xcconfig */;
			buildSettings = {
				ASSETCATALOG_COMPILER_APPICON_NAME = AppIcon;
				CODE_SIGN_ENTITLEMENTS = Tomatoes/Tomatoes.entitlements;
				DEVELOPMENT_TEAM = 5394SRVARW;
				INFOPLIST_FILE = Tomatoes/Info.plist;
				LD_RUNPATH_SEARCH_PATHS = "$(inherited) @executable_path/Frameworks";
				PRODUCT_BUNDLE_IDENTIFIER = es.tomato.Tomatoes;
				PRODUCT_NAME = "$(TARGET_NAME)";
				SWIFT_VERSION = 3.0;
			};
			name = Debug;
		};
		5216DA3A1DB913C800E16AB0 /* Release */ = {
			isa = XCBuildConfiguration;
			baseConfigurationReference = 23B198D24A416FF4966C47A6 /* Pods-Tomatoes.release.xcconfig */;
			buildSettings = {
				ASSETCATALOG_COMPILER_APPICON_NAME = AppIcon;
				CODE_SIGN_ENTITLEMENTS = Tomatoes/Tomatoes.entitlements;
				DEVELOPMENT_TEAM = 5394SRVARW;
				INFOPLIST_FILE = Tomatoes/Info.plist;
				LD_RUNPATH_SEARCH_PATHS = "$(inherited) @executable_path/Frameworks";
				PRODUCT_BUNDLE_IDENTIFIER = es.tomato.Tomatoes;
				PRODUCT_NAME = "$(TARGET_NAME)";
				SWIFT_VERSION = 3.0;
			};
			name = Release;
		};
/* End XCBuildConfiguration section */

/* Begin XCConfigurationList section */
		5216DA211DB913C800E16AB0 /* Build configuration list for PBXProject "Tomatoes" */ = {
			isa = XCConfigurationList;
			buildConfigurations = (
				5216DA361DB913C800E16AB0 /* Debug */,
				5216DA371DB913C800E16AB0 /* Release */,
			);
			defaultConfigurationIsVisible = 0;
			defaultConfigurationName = Release;
		};
		5216DA381DB913C800E16AB0 /* Build configuration list for PBXNativeTarget "Tomatoes" */ = {
			isa = XCConfigurationList;
			buildConfigurations = (
				5216DA391DB913C800E16AB0 /* Debug */,
				5216DA3A1DB913C800E16AB0 /* Release */,
			);
			defaultConfigurationIsVisible = 0;
			defaultConfigurationName = Release;
		};
/* End XCConfigurationList section */
	};
	rootObject = 5216DA1E1DB913C800E16AB0 /* Project object */;
}
